
Microsoft Visual Studio Solution File, Format Version 12.00
# Visual Studio Version 16
VisualStudioVersion = 16.0.31729.503
MinimumVisualStudioVersion = 10.0.40219.1
Project("{FAE04EC0-301F-11D3-BF4B-00C04F79EFBC}") = "CadenaDeCaracteresTar2", "CadenaDeCaracteresTar2\CadenaDeCaracteresTar2.csproj", "{B09CDB57-CDB0-4446-894F-F61CB8F56CD5}"
EndProject
Global
	GlobalSection(SolutionConfigurationPlatforms) = preSolution
		Debug|Any CPU = Debug|Any CPU
		Release|Any CPU = Release|Any CPU
	EndGlobalSection
	GlobalSection(ProjectConfigurationPlatforms) = postSolution
		{B09CDB57-CDB0-4446-894F-F61CB8F56CD5}.Debug|Any CPU.ActiveCfg = Debug|Any CPU
		{B09CDB57-CDB0-4446-894F-F61CB8F56CD5}.Debug|Any CPU.Build.0 = Debug|Any CPU
		{B09CDB57-CDB0-4446-894F-F61CB8F56CD5}.Release|Any CPU.ActiveCfg = Release|Any CPU
		{B09CDB57-CDB0-4446-894F-F61CB8F56CD5}.Release|Any CPU.Build.0 = Release|Any CPU
	EndGlobalSection
	GlobalSection(SolutionProperties) = preSolution
		HideSolutionNode = FALSE
	EndGlobalSection
	GlobalSection(ExtensibilityGlobals) = postSolution
		SolutionGuid = {3FCFC530-CDCD-434E-A4A9-DED117EAC4EA}
	EndGlobalSection
EndGlobal
